
Microsoft Visual Studio Solution File, Format Version 12.00
# Visual Studio Version 17
VisualStudioVersion = 17.5.33530.505
MinimumVisualStudioVersion = 10.0.40219.1
Project("{2150E333-8FDC-42A3-9474-1A3956D46DE8}") = "src", "src", "{E0A859CC-3194-49BD-98F5-42158B74BC4C}"
EndProject
Project("{2150E333-8FDC-42A3-9474-1A3956D46DE8}") = "services", "services", "{5320AFC0-E7AA-44F9-9FCD-80EFA0B9F145}"
EndProject
Project("{2150E333-8FDC-42A3-9474-1A3956D46DE8}") = "common", "common", "{B441EEEE-87BB-4D6A-A7D0-E5CE8D4A92B1}"
EndProject
Project("{2150E333-8FDC-42A3-9474-1A3956D46DE8}") = "Auth", "Auth", "{F164ACDE-4446-4A2E-A7FC-DEDC18AD3557}"
EndProject
Project("{9A19103F-16F7-4668-BE54-9A1E7A4F7556}") = "Auth.API", "services\Auth\Auth.API\Auth.API.csproj", "{1A723AC7-9BC8-42A4-BE04-78C906E11CD7}"
EndProject
Project("{2150E333-8FDC-42A3-9474-1A3956D46DE8}") = "EventBus", "EventBus", "{FC488CF2-21D0-42D8-8C8F-5E3316D6EBE6}"
EndProject
Project("{2150E333-8FDC-42A3-9474-1A3956D46DE8}") = "Catalogo", "Catalogo", "{04BD20BD-D361-4576-BAC3-8D5DE0E8002A}"
EndProject
Project("{2150E333-8FDC-42A3-9474-1A3956D46DE8}") = "Compras", "Compras", "{35D3E706-5F10-4EDB-ABCA-B7FB5FAA6ECC}"
EndProject
Project("{2150E333-8FDC-42A3-9474-1A3956D46DE8}") = "Pedidos", "Pedidos", "{C7FCCE83-DB4E-4EB8-8095-471FAA08976C}"
EndProject
Project("{2150E333-8FDC-42A3-9474-1A3956D46DE8}") = "deploy", "deploy", "{5644F45A-563D-4831-8C5A-39F3DFBF621C}"
EndProject
Project("{9A19103F-16F7-4668-BE54-9A1E7A4F7556}") = "Catalogo.API", "services\Catalogo\Catalogo.API\Catalogo.API.csproj", "{B51CD1A9-2837-4181-8DAD-BFB0B3A330D7}"
EndProject
Project("{9A19103F-16F7-4668-BE54-9A1E7A4F7556}") = "Compras.API", "services\Compras\Compras.API\Compras.API.csproj", "{F6EB8ECD-9CF8-4F75-B01B-91288530C826}"
EndProject
Project("{9A19103F-16F7-4668-BE54-9A1E7A4F7556}") = "Pedidos.API", "services\Pedidos\Pedidos.API\Pedidos.API.csproj", "{67E0CFE7-B81F-4571-8DC2-161AB4EE2B99}"
EndProject
Project("{E53339B2-1760-4266-BCC7-CA923CBCF16C}") = "docker-compose", "docker-compose.dcproj", "{F9EE816F-3833-476D-93A3-68D9319B27EF}"
EndProject
Project("{2150E333-8FDC-42A3-9474-1A3956D46DE8}") = "WebAPI", "WebAPI", "{25F0A564-843C-44A6-BCFA-4B0FA095214C}"
EndProject
Project("{9A19103F-16F7-4668-BE54-9A1E7A4F7556}") = "Common.WebAPI", "..\src\common\Common.WebAPI\Common.WebAPI.csproj", "{D12D0472-2392-444A-8268-9192D1DD1771}"
EndProject
Global
	GlobalSection(SolutionConfigurationPlatforms) = preSolution
		Debug|Any CPU = Debug|Any CPU
		Release|Any CPU = Release|Any CPU
	EndGlobalSection
	GlobalSection(ProjectConfigurationPlatforms) = postSolution
		{1A723AC7-9BC8-42A4-BE04-78C906E11CD7}.Debug|Any CPU.ActiveCfg = Debug|Any CPU
		{1A723AC7-9BC8-42A4-BE04-78C906E11CD7}.Debug|Any CPU.Build.0 = Debug|Any CPU
		{1A723AC7-9BC8-42A4-BE04-78C906E11CD7}.Release|Any CPU.ActiveCfg = Release|Any CPU
		{1A723AC7-9BC8-42A4-BE04-78C906E11CD7}.Release|Any CPU.Build.0 = Release|Any CPU
		{B51CD1A9-2837-4181-8DAD-BFB0B3A330D7}.Debug|Any CPU.ActiveCfg = Debug|Any CPU
		{B51CD1A9-2837-4181-8DAD-BFB0B3A330D7}.Debug|Any CPU.Build.0 = Debug|Any CPU
		{B51CD1A9-2837-4181-8DAD-BFB0B3A330D7}.Release|Any CPU.ActiveCfg = Release|Any CPU
		{B51CD1A9-2837-4181-8DAD-BFB0B3A330D7}.Release|Any CPU.Build.0 = Release|Any CPU
		{F6EB8ECD-9CF8-4F75-B01B-91288530C826}.Debug|Any CPU.ActiveCfg = Debug|Any CPU
		{F6EB8ECD-9CF8-4F75-B01B-91288530C826}.Debug|Any CPU.Build.0 = Debug|Any CPU
		{F6EB8ECD-9CF8-4F75-B01B-91288530C826}.Release|Any CPU.ActiveCfg = Release|Any CPU
		{F6EB8ECD-9CF8-4F75-B01B-91288530C826}.Release|Any CPU.Build.0 = Release|Any CPU
		{67E0CFE7-B81F-4571-8DC2-161AB4EE2B99}.Debug|Any CPU.ActiveCfg = Debug|Any CPU
		{67E0CFE7-B81F-4571-8DC2-161AB4EE2B99}.Debug|Any CPU.Build.0 = Debug|Any CPU
		{67E0CFE7-B81F-4571-8DC2-161AB4EE2B99}.Release|Any CPU.ActiveCfg = Release|Any CPU
		{67E0CFE7-B81F-4571-8DC2-161AB4EE2B99}.Release|Any CPU.Build.0 = Release|Any CPU
		{F9EE816F-3833-476D-93A3-68D9319B27EF}.Debug|Any CPU.ActiveCfg = Debug|Any CPU
		{F9EE816F-3833-476D-93A3-68D9319B27EF}.Debug|Any CPU.Build.0 = Debug|Any CPU
		{F9EE816F-3833-476D-93A3-68D9319B27EF}.Release|Any CPU.ActiveCfg = Release|Any CPU
		{F9EE816F-3833-476D-93A3-68D9319B27EF}.Release|Any CPU.Build.0 = Release|Any CPU
		{D12D0472-2392-444A-8268-9192D1DD1771}.Debug|Any CPU.ActiveCfg = Debug|Any CPU
		{D12D0472-2392-444A-8268-9192D1DD1771}.Debug|Any CPU.Build.0 = Debug|Any CPU
		{D12D0472-2392-444A-8268-9192D1DD1771}.Release|Any CPU.ActiveCfg = Release|Any CPU
		{D12D0472-2392-444A-8268-9192D1DD1771}.Release|Any CPU.Build.0 = Release|Any CPU
	EndGlobalSection
	GlobalSection(SolutionProperties) = preSolution
		HideSolutionNode = FALSE
	EndGlobalSection
	GlobalSection(NestedProjects) = preSolution
		{5320AFC0-E7AA-44F9-9FCD-80EFA0B9F145} = {E0A859CC-3194-49BD-98F5-42158B74BC4C}
		{B441EEEE-87BB-4D6A-A7D0-E5CE8D4A92B1} = {E0A859CC-3194-49BD-98F5-42158B74BC4C}
		{F164ACDE-4446-4A2E-A7FC-DEDC18AD3557} = {5320AFC0-E7AA-44F9-9FCD-80EFA0B9F145}
		{1A723AC7-9BC8-42A4-BE04-78C906E11CD7} = {F164ACDE-4446-4A2E-A7FC-DEDC18AD3557}
		{FC488CF2-21D0-42D8-8C8F-5E3316D6EBE6} = {B441EEEE-87BB-4D6A-A7D0-E5CE8D4A92B1}
		{04BD20BD-D361-4576-BAC3-8D5DE0E8002A} = {5320AFC0-E7AA-44F9-9FCD-80EFA0B9F145}
		{35D3E706-5F10-4EDB-ABCA-B7FB5FAA6ECC} = {5320AFC0-E7AA-44F9-9FCD-80EFA0B9F145}
		{C7FCCE83-DB4E-4EB8-8095-471FAA08976C} = {5320AFC0-E7AA-44F9-9FCD-80EFA0B9F145}
		{B51CD1A9-2837-4181-8DAD-BFB0B3A330D7} = {04BD20BD-D361-4576-BAC3-8D5DE0E8002A}
		{F6EB8ECD-9CF8-4F75-B01B-91288530C826} = {35D3E706-5F10-4EDB-ABCA-B7FB5FAA6ECC}
		{67E0CFE7-B81F-4571-8DC2-161AB4EE2B99} = {C7FCCE83-DB4E-4EB8-8095-471FAA08976C}
		{25F0A564-843C-44A6-BCFA-4B0FA095214C} = {B441EEEE-87BB-4D6A-A7D0-E5CE8D4A92B1}
		{D12D0472-2392-444A-8268-9192D1DD1771} = {25F0A564-843C-44A6-BCFA-4B0FA095214C}
	EndGlobalSection
	GlobalSection(ExtensibilityGlobals) = postSolution
		SolutionGuid = {9EC92000-F9CB-4F30-96DC-9679ABEA07E3}
	EndGlobalSection
EndGlobal
